
Microsoft Visual Studio Solution File, Format Version 12.00
# Visual Studio Version 16
VisualStudioVersion = 16.0.31702.278
MinimumVisualStudioVersion = 10.0.40219.1
Project("{FAE04EC0-301F-11D3-BF4B-00C04F79EFBC}") = "Shaper", "Shaper\Shaper.csproj", "{82924B98-DCF1-4774-A12B-883E96350343}"
EndProject
Project("{FAE04EC0-301F-11D3-BF4B-00C04F79EFBC}") = "Shaper.Tests", "Shaper.Tests\Shaper.Tests.csproj", "{8CF6EEB1-3CE0-42FE-A387-DD49A7002749}"
EndProject
Global
	GlobalSection(SolutionConfigurationPlatforms) = preSolution
		Debug|Any CPU = Debug|Any CPU
		Release|Any CPU = Release|Any CPU
	EndGlobalSection
	GlobalSection(ProjectConfigurationPlatforms) = postSolution
		{82924B98-DCF1-4774-A12B-883E96350343}.Debug|Any CPU.ActiveCfg = Debug|Any CPU
		{82924B98-DCF1-4774-A12B-883E96350343}.Debug|Any CPU.Build.0 = Debug|Any CPU
		{82924B98-DCF1-4774-A12B-883E96350343}.Release|Any CPU.ActiveCfg = Release|Any CPU
		{82924B98-DCF1-4774-A12B-883E96350343}.Release|Any CPU.Build.0 = Release|Any CPU
		{8CF6EEB1-3CE0-42FE-A387-DD49A7002749}.Debug|Any CPU.ActiveCfg = Debug|Any CPU
		{8CF6EEB1-3CE0-42FE-A387-DD49A7002749}.Debug|Any CPU.Build.0 = Debug|Any CPU
		{8CF6EEB1-3CE0-42FE-A387-DD49A7002749}.Release|Any CPU.ActiveCfg = Release|Any CPU
		{8CF6EEB1-3CE0-42FE-A387-DD49A7002749}.Release|Any CPU.Build.0 = Release|Any CPU
	EndGlobalSection
	GlobalSection(SolutionProperties) = preSolution
		HideSolutionNode = FALSE
	EndGlobalSection
	GlobalSection(ExtensibilityGlobals) = postSolution
		SolutionGuid = {BAE15B41-FFE6-4753-B625-0473648C4618}
	EndGlobalSection
EndGlobal
